
Microsoft Visual Studio Solution File, Format Version 12.00
# Visual Studio 2013
VisualStudioVersion = 12.0.40629.0
MinimumVisualStudioVersion = 10.0.40219.1
Project("{FAE04EC0-301F-11D3-BF4B-00C04F79EFBC}") = "ConsoleApplication2", "ConsoleApplication2\ConsoleApplication2.csproj", "{CAD1A52A-9253-4D3F-88E2-3318540DFFFC}"
EndProject
Project("{FAE04EC0-301F-11D3-BF4B-00C04F79EFBC}") = "UnitTestProject3", "UnitTestProject3\UnitTestProject3.csproj", "{06A76B8F-1EF8-4F18-A61B-899F974A6314}"
EndProject
Global
	GlobalSection(SolutionConfigurationPlatforms) = preSolution
		Debug|Any CPU = Debug|Any CPU
		Release|Any CPU = Release|Any CPU
	EndGlobalSection
	GlobalSection(ProjectConfigurationPlatforms) = postSolution
		{CAD1A52A-9253-4D3F-88E2-3318540DFFFC}.Debug|Any CPU.ActiveCfg = Debug|Any CPU
		{CAD1A52A-9253-4D3F-88E2-3318540DFFFC}.Debug|Any CPU.Build.0 = Debug|Any CPU
		{CAD1A52A-9253-4D3F-88E2-3318540DFFFC}.Release|Any CPU.ActiveCfg = Release|Any CPU
		{CAD1A52A-9253-4D3F-88E2-3318540DFFFC}.Release|Any CPU.Build.0 = Release|Any CPU
		{06A76B8F-1EF8-4F18-A61B-899F974A6314}.Debug|Any CPU.ActiveCfg = Debug|Any CPU
		{06A76B8F-1EF8-4F18-A61B-899F974A6314}.Debug|Any CPU.Build.0 = Debug|Any CPU
		{06A76B8F-1EF8-4F18-A61B-899F974A6314}.Release|Any CPU.ActiveCfg = Release|Any CPU
		{06A76B8F-1EF8-4F18-A61B-899F974A6314}.Release|Any CPU.Build.0 = Release|Any CPU
	EndGlobalSection
	GlobalSection(SolutionProperties) = preSolution
		HideSolutionNode = FALSE
	EndGlobalSection
EndGlobal
